// !$*UTF8*$!
{
	archiveVersion = 1;
	classes = {
	};
	objectVersion = 77;
	objects = {

/* Begin PBXBuildFile section */
		61116B8F2D002AA80024F0D2 /* WidgetKit.framework in Frameworks */ = {isa = PBXBuildFile; fileRef = 61116B8E2D002AA80024F0D2 /* WidgetKit.framework */; };
		61116B912D002AA80024F0D2 /* SwiftUI.framework in Frameworks */ = {isa = PBXBuildFile; fileRef = 61116B902D002AA80024F0D2 /* SwiftUI.framework */; };
		61116BA02D002AA90024F0D2 /* RepoWatcherWidgetExtension.appex in Embed Foundation Extensions */ = {isa = PBXBuildFile; fileRef = 61116B8C2D002AA80024F0D2 /* RepoWatcherWidgetExtension.appex */; settings = {ATTRIBUTES = (RemoveHeadersOnCopy, ); }; };
		61116D712D028A6F0024F0D2 /* Intents.framework in Frameworks */ = {isa = PBXBuildFile; fileRef = 61116D702D028A6F0024F0D2 /* Intents.framework */; };
		61116D782D028A6F0024F0D2 /* RepoWatcherIntents.appex in Embed Foundation Extensions */ = {isa = PBXBuildFile; fileRef = 61116D6F2D028A6F0024F0D2 /* RepoWatcherIntents.appex */; settings = {ATTRIBUTES = (RemoveHeadersOnCopy, ); }; };
/* End PBXBuildFile section */

/* Begin PBXContainerItemProxy section */
		61116B9E2D002AA90024F0D2 /* PBXContainerItemProxy */ = {
			isa = PBXContainerItemProxy;
			containerPortal = 61116B6F2D002A850024F0D2 /* Project object */;
			proxyType = 1;
			remoteGlobalIDString = 61116B8B2D002AA80024F0D2;
			remoteInfo = RepoWatcherWidgetExtension;
		};
		61116D762D028A6F0024F0D2 /* PBXContainerItemProxy */ = {
			isa = PBXContainerItemProxy;
			containerPortal = 61116B6F2D002A850024F0D2 /* Project object */;
			proxyType = 1;
			remoteGlobalIDString = 61116D6E2D028A6F0024F0D2;
			remoteInfo = RepoWatcherIntents;
		};
/* End PBXContainerItemProxy section */

/* Begin PBXCopyFilesBuildPhase section */
		61116BA52D002AA90024F0D2 /* Embed Foundation Extensions */ = {
			isa = PBXCopyFilesBuildPhase;
			buildActionMask = 2147483647;
			dstPath = "";
			dstSubfolderSpec = 13;
			files = (
				61116BA02D002AA90024F0D2 /* RepoWatcherWidgetExtension.appex in Embed Foundation Extensions */,
				61116D782D028A6F0024F0D2 /* RepoWatcherIntents.appex in Embed Foundation Extensions */,
			);
			name = "Embed Foundation Extensions";
			runOnlyForDeploymentPostprocessing = 0;
		};
/* End PBXCopyFilesBuildPhase section */

/* Begin PBXFileReference section */
		61116B772D002A850024F0D2 /* RepoWatcher.app */ = {isa = PBXFileReference; explicitFileType = wrapper.application; includeInIndex = 0; path = RepoWatcher.app; sourceTree = BUILT_PRODUCTS_DIR; };
		61116B8C2D002AA80024F0D2 /* RepoWatcherWidgetExtension.appex */ = {isa = PBXFileReference; explicitFileType = "wrapper.app-extension"; includeInIndex = 0; path = RepoWatcherWidgetExtension.appex; sourceTree = BUILT_PRODUCTS_DIR; };
		61116B8E2D002AA80024F0D2 /* WidgetKit.framework */ = {isa = PBXFileReference; lastKnownFileType = wrapper.framework; name = WidgetKit.framework; path = System/Library/Frameworks/WidgetKit.framework; sourceTree = SDKROOT; };
		61116B902D002AA80024F0D2 /* SwiftUI.framework */ = {isa = PBXFileReference; lastKnownFileType = wrapper.framework; name = SwiftUI.framework; path = System/Library/Frameworks/SwiftUI.framework; sourceTree = SDKROOT; };
		61116D6F2D028A6F0024F0D2 /* RepoWatcherIntents.appex */ = {isa = PBXFileReference; explicitFileType = "wrapper.app-extension"; includeInIndex = 0; path = RepoWatcherIntents.appex; sourceTree = BUILT_PRODUCTS_DIR; };
		61116D702D028A6F0024F0D2 /* Intents.framework */ = {isa = PBXFileReference; lastKnownFileType = wrapper.framework; name = Intents.framework; path = System/Library/Frameworks/Intents.framework; sourceTree = SDKROOT; };
/* End PBXFileReference section */

/* Begin PBXFileSystemSynchronizedBuildFileExceptionSet section */
		61116BA12D002AA90024F0D2 /* Exceptions for "RepoWatcherWidget" folder in "RepoWatcherWidgetExtension" target */ = {
			isa = PBXFileSystemSynchronizedBuildFileExceptionSet;
			membershipExceptions = (
				Info.plist,
			);
			target = 61116B8B2D002AA80024F0D2 /* RepoWatcherWidgetExtension */;
		};
		61116BA92D0031010024F0D2 /* Exceptions for "RepoWatcherWidget" folder in "RepoWatcher" target */ = {
			isa = PBXFileSystemSynchronizedBuildFileExceptionSet;
			membershipExceptions = (
				Model/Contributor.swift,
				Model/Repository.swift,
				SelectRepoIntents.intentdefinition,
				Service/NetworkManager.swift,
			);
			target = 61116B762D002A850024F0D2 /* RepoWatcher */;
		};
		61116D6A2D0289AA0024F0D2 /* Exceptions for "RepoWatcher" folder in "RepoWatcher" target */ = {
			isa = PBXFileSystemSynchronizedBuildFileExceptionSet;
			membershipExceptions = (
				Info.plist,
			);
			target = 61116B762D002A850024F0D2 /* RepoWatcher */;
		};
		61116D7C2D028A6F0024F0D2 /* Exceptions for "RepoWatcherIntents" folder in "RepoWatcherIntents" target */ = {
			isa = PBXFileSystemSynchronizedBuildFileExceptionSet;
			membershipExceptions = (
				Info.plist,
			);
			target = 61116D6E2D028A6F0024F0D2 /* RepoWatcherIntents */;
		};
		61116D7F2D028EE80024F0D2 /* Exceptions for "RepoWatcherWidget" folder in "RepoWatcherIntents" target */ = {
			isa = PBXFileSystemSynchronizedBuildFileExceptionSet;
			membershipExceptions = (
				SelectRepoIntents.intentdefinition,
			);
			target = 61116D6E2D028A6F0024F0D2 /* RepoWatcherIntents */;
		};
		61116D812D0290170024F0D2 /* Exceptions for "RepoWatcher" folder in "RepoWatcherIntents" target */ = {
			isa = PBXFileSystemSynchronizedBuildFileExceptionSet;
			membershipExceptions = (
				"UserDefaults+Extension.swift",
			);
			target = 61116D6E2D028A6F0024F0D2 /* RepoWatcherIntents */;
		};
/* End PBXFileSystemSynchronizedBuildFileExceptionSet section */

/* Begin PBXFileSystemSynchronizedRootGroup section */
		61116B792D002A850024F0D2 /* RepoWatcher */ = {
			isa = PBXFileSystemSynchronizedRootGroup;
			exceptions = (
				61116D6A2D0289AA0024F0D2 /* Exceptions for "RepoWatcher" folder in "RepoWatcher" target */,
				61116D812D0290170024F0D2 /* Exceptions for "RepoWatcher" folder in "RepoWatcherIntents" target */,
			);
			path = RepoWatcher;
			sourceTree = "<group>";
		};
		61116B922D002AA80024F0D2 /* RepoWatcherWidget */ = {
			isa = PBXFileSystemSynchronizedRootGroup;
			exceptions = (
				61116BA92D0031010024F0D2 /* Exceptions for "RepoWatcherWidget" folder in "RepoWatcher" target */,
				61116BA12D002AA90024F0D2 /* Exceptions for "RepoWatcherWidget" folder in "RepoWatcherWidgetExtension" target */,
				61116D7F2D028EE80024F0D2 /* Exceptions for "RepoWatcherWidget" folder in "RepoWatcherIntents" target */,
			);
			path = RepoWatcherWidget;
			sourceTree = "<group>";
		};
		61116D722D028A6F0024F0D2 /* RepoWatcherIntents */ = {
			isa = PBXFileSystemSynchronizedRootGroup;
			exceptions = (
				61116D7C2D028A6F0024F0D2 /* Exceptions for "RepoWatcherIntents" folder in "RepoWatcherIntents" target */,
			);
			path = RepoWatcherIntents;
			sourceTree = "<group>";
		};
/* End PBXFileSystemSynchronizedRootGroup section */

/* Begin PBXFrameworksBuildPhase section */
		61116B742D002A850024F0D2 /* Frameworks */ = {
			isa = PBXFrameworksBuildPhase;
			buildActionMask = 2147483647;
			files = (
			);
			runOnlyForDeploymentPostprocessing = 0;
		};
		61116B892D002AA80024F0D2 /* Frameworks */ = {
			isa = PBXFrameworksBuildPhase;
			buildActionMask = 2147483647;
			files = (
				61116B912D002AA80024F0D2 /* SwiftUI.framework in Frameworks */,
				61116B8F2D002AA80024F0D2 /* WidgetKit.framework in Frameworks */,
			);
			runOnlyForDeploymentPostprocessing = 0;
		};
		61116D6C2D028A6F0024F0D2 /* Frameworks */ = {
			isa = PBXFrameworksBuildPhase;
			buildActionMask = 2147483647;
			files = (
				61116D712D028A6F0024F0D2 /* Intents.framework in Frameworks */,
			);
			runOnlyForDeploymentPostprocessing = 0;
		};
/* End PBXFrameworksBuildPhase section */

/* Begin PBXGroup section */
		61116B6E2D002A850024F0D2 = {
			isa = PBXGroup;
			children = (
				61116B792D002A850024F0D2 /* RepoWatcher */,
				61116B922D002AA80024F0D2 /* RepoWatcherWidget */,
				61116D722D028A6F0024F0D2 /* RepoWatcherIntents */,
				61116B8D2D002AA80024F0D2 /* Frameworks */,
				61116B782D002A850024F0D2 /* Products */,
			);
			sourceTree = "<group>";
		};
		61116B782D002A850024F0D2 /* Products */ = {
			isa = PBXGroup;
			children = (
				61116B772D002A850024F0D2 /* RepoWatcher.app */,
				61116B8C2D002AA80024F0D2 /* RepoWatcherWidgetExtension.appex */,
				61116D6F2D028A6F0024F0D2 /* RepoWatcherIntents.appex */,
			);
			name = Products;
			sourceTree = "<group>";
		};
		61116B8D2D002AA80024F0D2 /* Frameworks */ = {
			isa = PBXGroup;
			children = (
				61116B8E2D002AA80024F0D2 /* WidgetKit.framework */,
				61116B902D002AA80024F0D2 /* SwiftUI.framework */,
				61116D702D028A6F0024F0D2 /* Intents.framework */,
			);
			name = Frameworks;
			sourceTree = "<group>";
		};
/* End PBXGroup section */

/* Begin PBXNativeTarget section */
		61116B762D002A850024F0D2 /* RepoWatcher */ = {
			isa = PBXNativeTarget;
			buildConfigurationList = 61116B852D002A870024F0D2 /* Build configuration list for PBXNativeTarget "RepoWatcher" */;
			buildPhases = (
				61116B732D002A850024F0D2 /* Sources */,
				61116B742D002A850024F0D2 /* Frameworks */,
				61116B752D002A850024F0D2 /* Resources */,
				61116BA52D002AA90024F0D2 /* Embed Foundation Extensions */,
			);
			buildRules = (
			);
			dependencies = (
				61116B9F2D002AA90024F0D2 /* PBXTargetDependency */,
				61116D772D028A6F0024F0D2 /* PBXTargetDependency */,
			);
			fileSystemSynchronizedGroups = (
				61116B792D002A850024F0D2 /* RepoWatcher */,
			);
			name = RepoWatcher;
			packageProductDependencies = (
			);
			productName = RepoWatcher;
			productReference = 61116B772D002A850024F0D2 /* RepoWatcher.app */;
			productType = "com.apple.product-type.application";
		};
		61116B8B2D002AA80024F0D2 /* RepoWatcherWidgetExtension */ = {
			isa = PBXNativeTarget;
			buildConfigurationList = 61116BA22D002AA90024F0D2 /* Build configuration list for PBXNativeTarget "RepoWatcherWidgetExtension" */;
			buildPhases = (
				61116B882D002AA80024F0D2 /* Sources */,
				61116B892D002AA80024F0D2 /* Frameworks */,
				61116B8A2D002AA80024F0D2 /* Resources */,
			);
			buildRules = (
			);
			dependencies = (
			);
			fileSystemSynchronizedGroups = (
				61116B922D002AA80024F0D2 /* RepoWatcherWidget */,
			);
			name = RepoWatcherWidgetExtension;
			packageProductDependencies = (
			);
			productName = RepoWatcherWidgetExtension;
			productReference = 61116B8C2D002AA80024F0D2 /* RepoWatcherWidgetExtension.appex */;
			productType = "com.apple.product-type.app-extension";
		};
		61116D6E2D028A6F0024F0D2 /* RepoWatcherIntents */ = {
			isa = PBXNativeTarget;
			buildConfigurationList = 61116D792D028A6F0024F0D2 /* Build configuration list for PBXNativeTarget "RepoWatcherIntents" */;
			buildPhases = (
				61116D6B2D028A6F0024F0D2 /* Sources */,
				61116D6C2D028A6F0024F0D2 /* Frameworks */,
				61116D6D2D028A6F0024F0D2 /* Resources */,
			);
			buildRules = (
			);
			dependencies = (
			);
			fileSystemSynchronizedGroups = (
				61116D722D028A6F0024F0D2 /* RepoWatcherIntents */,
			);
			name = RepoWatcherIntents;
			packageProductDependencies = (
			);
			productName = RepoWatcherIntents;
			productReference = 61116D6F2D028A6F0024F0D2 /* RepoWatcherIntents.appex */;
			productType = "com.apple.product-type.app-extension";
		};
/* End PBXNativeTarget section */

/* Begin PBXProject section */
		61116B6F2D002A850024F0D2 /* Project object */ = {
			isa = PBXProject;
			attributes = {
				BuildIndependentTargetsInParallel = 1;
				LastSwiftUpdateCheck = 1610;
				LastUpgradeCheck = 1610;
				TargetAttributes = {
					61116B762D002A850024F0D2 = {
						CreatedOnToolsVersion = 16.1;
					};
					61116B8B2D002AA80024F0D2 = {
						CreatedOnToolsVersion = 16.1;
					};
					61116D6E2D028A6F0024F0D2 = {
						CreatedOnToolsVersion = 16.1;
					};
				};
			};
			buildConfigurationList = 61116B722D002A850024F0D2 /* Build configuration list for PBXProject "RepoWatcher" */;
			developmentRegion = en;
			hasScannedForEncodings = 0;
			knownRegions = (
				en,
				Base,
			);
			mainGroup = 61116B6E2D002A850024F0D2;
			minimizedProjectReferenceProxies = 1;
			preferredProjectObjectVersion = 77;
			productRefGroup = 61116B782D002A850024F0D2 /* Products */;
			projectDirPath = "";
			projectRoot = "";
			targets = (
				61116B762D002A850024F0D2 /* RepoWatcher */,
				61116B8B2D002AA80024F0D2 /* RepoWatcherWidgetExtension */,
				61116D6E2D028A6F0024F0D2 /* RepoWatcherIntents */,
			);
		};
/* End PBXProject section */

/* Begin PBXResourcesBuildPhase section */
		61116B752D002A850024F0D2 /* Resources */ = {
			isa = PBXResourcesBuildPhase;
			buildActionMask = 2147483647;
			files = (
			);
			runOnlyForDeploymentPostprocessing = 0;
		};
		61116B8A2D002AA80024F0D2 /* Resources */ = {
			isa = PBXResourcesBuildPhase;
			buildActionMask = 2147483647;
			files = (
			);
			runOnlyForDeploymentPostprocessing = 0;
		};
		61116D6D2D028A6F0024F0D2 /* Resources */ = {
			isa = PBXResourcesBuildPhase;
			buildActionMask = 2147483647;
			files = (
			);
			runOnlyForDeploymentPostprocessing = 0;
		};
/* End PBXResourcesBuildPhase section */

/* Begin PBXSourcesBuildPhase section */
		61116B732D002A850024F0D2 /* Sources */ = {
			isa = PBXSourcesBuildPhase;
			buildActionMask = 2147483647;
			files = (
			);
			runOnlyForDeploymentPostprocessing = 0;
		};
		61116B882D002AA80024F0D2 /* Sources */ = {
			isa = PBXSourcesBuildPhase;
			buildActionMask = 2147483647;
			files = (
			);
			runOnlyForDeploymentPostprocessing = 0;
		};
		61116D6B2D028A6F0024F0D2 /* Sources */ = {
			isa = PBXSourcesBuildPhase;
			buildActionMask = 2147483647;
			files = (
			);
			runOnlyForDeploymentPostprocessing = 0;
		};
/* End PBXSourcesBuildPhase section */

/* Begin PBXTargetDependency section */
		61116B9F2D002AA90024F0D2 /* PBXTargetDependency */ = {
			isa = PBXTargetDependency;
			target = 61116B8B2D002AA80024F0D2 /* RepoWatcherWidgetExtension */;
			targetProxy = 61116B9E2D002AA90024F0D2 /* PBXContainerItemProxy */;
		};
		61116D772D028A6F0024F0D2 /* PBXTargetDependency */ = {
			isa = PBXTargetDependency;
			target = 61116D6E2D028A6F0024F0D2 /* RepoWatcherIntents */;
			targetProxy = 61116D762D028A6F0024F0D2 /* PBXContainerItemProxy */;
		};
/* End PBXTargetDependency section */

/* Begin XCBuildConfiguration section */
		61116B832D002A870024F0D2 /* Debug */ = {
			isa = XCBuildConfiguration;
			buildSettings = {
				ALWAYS_SEARCH_USER_PATHS = NO;
				ASSETCATALOG_COMPILER_GENERATE_SWIFT_ASSET_SYMBOL_EXTENSIONS = YES;
				CLANG_ANALYZER_NONNULL = YES;
				CLANG_ANALYZER_NUMBER_OBJECT_CONVERSION = YES_AGGRESSIVE;
				CLANG_CXX_LANGUAGE_STANDARD = "gnu++20";
				CLANG_ENABLE_MODULES = YES;
				CLANG_ENABLE_OBJC_ARC = YES;
				CLANG_ENABLE_OBJC_WEAK = YES;
				CLANG_WARN_BLOCK_CAPTURE_AUTORELEASING = YES;
				CLANG_WARN_BOOL_CONVERSION = YES;
				CLANG_WARN_COMMA = YES;
				CLANG_WARN_CONSTANT_CONVERSION = YES;
				CLANG_WARN_DEPRECATED_OBJC_IMPLEMENTATIONS = YES;
				CLANG_WARN_DIRECT_OBJC_ISA_USAGE = YES_ERROR;
				CLANG_WARN_DOCUMENTATION_COMMENTS = YES;
				CLANG_WARN_EMPTY_BODY = YES;
				CLANG_WARN_ENUM_CONVERSION = YES;
				CLANG_WARN_INFINITE_RECURSION = YES;
				CLANG_WARN_INT_CONVERSION = YES;
				CLANG_WARN_NON_LITERAL_NULL_CONVERSION = YES;
				CLANG_WARN_OBJC_IMPLICIT_RETAIN_SELF = YES;
				CLANG_WARN_OBJC_LITERAL_CONVERSION = YES;
				CLANG_WARN_OBJC_ROOT_CLASS = YES_ERROR;
				CLANG_WARN_QUOTED_INCLUDE_IN_FRAMEWORK_HEADER = YES;
				CLANG_WARN_RANGE_LOOP_ANALYSIS = YES;
				CLANG_WARN_STRICT_PROTOTYPES = YES;
				CLANG_WARN_SUSPICIOUS_MOVE = YES;
				CLANG_WARN_UNGUARDED_AVAILABILITY = YES_AGGRESSIVE;
				CLANG_WARN_UNREACHABLE_CODE = YES;
				CLANG_WARN__DUPLICATE_METHOD_MATCH = YES;
				COPY_PHASE_STRIP = NO;
				DEBUG_INFORMATION_FORMAT = dwarf;
				ENABLE_STRICT_OBJC_MSGSEND = YES;
				ENABLE_TESTABILITY = YES;
				ENABLE_USER_SCRIPT_SANDBOXING = YES;
				GCC_C_LANGUAGE_STANDARD = gnu17;
				GCC_DYNAMIC_NO_PIC = NO;
				GCC_NO_COMMON_BLOCKS = YES;
				GCC_OPTIMIZATION_LEVEL = 0;
				GCC_PREPROCESSOR_DEFINITIONS = (
					"DEBUG=1",
					"$(inherited)",
				);
				GCC_WARN_64_TO_32_BIT_CONVERSION = YES;
				GCC_WARN_ABOUT_RETURN_TYPE = YES_ERROR;
				GCC_WARN_UNDECLARED_SELECTOR = YES;
				GCC_WARN_UNINITIALIZED_AUTOS = YES_AGGRESSIVE;
				GCC_WARN_UNUSED_FUNCTION = YES;
				GCC_WARN_UNUSED_VARIABLE = YES;
				IPHONEOS_DEPLOYMENT_TARGET = 18.1;
				LOCALIZATION_PREFERS_STRING_CATALOGS = YES;
				MTL_ENABLE_DEBUG_INFO = INCLUDE_SOURCE;
				MTL_FAST_MATH = YES;
				ONLY_ACTIVE_ARCH = YES;
				SDKROOT = iphoneos;
				SWIFT_ACTIVE_COMPILATION_CONDITIONS = "DEBUG $(inherited)";
				SWIFT_OPTIMIZATION_LEVEL = "-Onone";
			};
			name = Debug;
		};
		61116B842D002A870024F0D2 /* Release */ = {
			isa = XCBuildConfiguration;
			buildSettings = {
				ALWAYS_SEARCH_USER_PATHS = NO;
				ASSETCATALOG_COMPILER_GENERATE_SWIFT_ASSET_SYMBOL_EXTENSIONS = YES;
				CLANG_ANALYZER_NONNULL = YES;
				CLANG_ANALYZER_NUMBER_OBJECT_CONVERSION = YES_AGGRESSIVE;
				CLANG_CXX_LANGUAGE_STANDARD = "gnu++20";
				CLANG_ENABLE_MODULES = YES;
				CLANG_ENABLE_OBJC_ARC = YES;
				CLANG_ENABLE_OBJC_WEAK = YES;
				CLANG_WARN_BLOCK_CAPTURE_AUTORELEASING = YES;
				CLANG_WARN_BOOL_CONVERSION = YES;
				CLANG_WARN_COMMA = YES;
				CLANG_WARN_CONSTANT_CONVERSION = YES;
				CLANG_WARN_DEPRECATED_OBJC_IMPLEMENTATIONS = YES;
				CLANG_WARN_DIRECT_OBJC_ISA_USAGE = YES_ERROR;
				CLANG_WARN_DOCUMENTATION_COMMENTS = YES;
				CLANG_WARN_EMPTY_BODY = YES;
				CLANG_WARN_ENUM_CONVERSION = YES;
				CLANG_WARN_INFINITE_RECURSION = YES;
				CLANG_WARN_INT_CONVERSION = YES;
				CLANG_WARN_NON_LITERAL_NULL_CONVERSION = YES;
				CLANG_WARN_OBJC_IMPLICIT_RETAIN_SELF = YES;
				CLANG_WARN_OBJC_LITERAL_CONVERSION = YES;
				CLANG_WARN_OBJC_ROOT_CLASS = YES_ERROR;
				CLANG_WARN_QUOTED_INCLUDE_IN_FRAMEWORK_HEADER = YES;
				CLANG_WARN_RANGE_LOOP_ANALYSIS = YES;
				CLANG_WARN_STRICT_PROTOTYPES = YES;
				CLANG_WARN_SUSPICIOUS_MOVE = YES;
				CLANG_WARN_UNGUARDED_AVAILABILITY = YES_AGGRESSIVE;
				CLANG_WARN_UNREACHABLE_CODE = YES;
				CLANG_WARN__DUPLICATE_METHOD_MATCH = YES;
				COPY_PHASE_STRIP = NO;
				DEBUG_INFORMATION_FORMAT = "dwarf-with-dsym";
				ENABLE_NS_ASSERTIONS = NO;
				ENABLE_STRICT_OBJC_MSGSEND = YES;
				ENABLE_USER_SCRIPT_SANDBOXING = YES;
				GCC_C_LANGUAGE_STANDARD = gnu17;
				GCC_NO_COMMON_BLOCKS = YES;
				GCC_WARN_64_TO_32_BIT_CONVERSION = YES;
				GCC_WARN_ABOUT_RETURN_TYPE = YES_ERROR;
				GCC_WARN_UNDECLARED_SELECTOR = YES;
				GCC_WARN_UNINITIALIZED_AUTOS = YES_AGGRESSIVE;
				GCC_WARN_UNUSED_FUNCTION = YES;
				GCC_WARN_UNUSED_VARIABLE = YES;
				IPHONEOS_DEPLOYMENT_TARGET = 18.1;
				LOCALIZATION_PREFERS_STRING_CATALOGS = YES;
				MTL_ENABLE_DEBUG_INFO = NO;
				MTL_FAST_MATH = YES;
				SDKROOT = iphoneos;
				SWIFT_COMPILATION_MODE = wholemodule;
				VALIDATE_PRODUCT = YES;
			};
			name = Release;
		};
		61116B862D002A870024F0D2 /* Debug */ = {
			isa = XCBuildConfiguration;
			buildSettings = {
				ASSETCATALOG_COMPILER_APPICON_NAME = AppIcon;
				ASSETCATALOG_COMPILER_GLOBAL_ACCENT_COLOR_NAME = AccentColor;
				CODE_SIGN_ENTITLEMENTS = RepoWatcher/RepoWatcher.entitlements;
				CODE_SIGN_STYLE = Automatic;
				CURRENT_PROJECT_VERSION = 1;
				DEVELOPMENT_ASSET_PATHS = "\"RepoWatcher/Preview Content\"";
				DEVELOPMENT_TEAM = LA95MXQ3R5;
				ENABLE_PREVIEWS = YES;
				GENERATE_INFOPLIST_FILE = YES;
				INFOPLIST_FILE = RepoWatcher/Info.plist;
				INFOPLIST_KEY_UIApplicationSceneManifest_Generation = YES;
				INFOPLIST_KEY_UIApplicationSupportsIndirectInputEvents = YES;
				INFOPLIST_KEY_UILaunchScreen_Generation = YES;
				INFOPLIST_KEY_UISupportedInterfaceOrientations_iPad = "UIInterfaceOrientationPortrait UIInterfaceOrientationPortraitUpsideDown UIInterfaceOrientationLandscapeLeft UIInterfaceOrientationLandscapeRight";
				INFOPLIST_KEY_UISupportedInterfaceOrientations_iPhone = "UIInterfaceOrientationPortrait UIInterfaceOrientationLandscapeLeft UIInterfaceOrientationLandscapeRight";
				LD_RUNPATH_SEARCH_PATHS = (
					"$(inherited)",
					"@executable_path/Frameworks",
				);
				MARKETING_VERSION = 1.0;
				PRODUCT_BUNDLE_IDENTIFIER = HaroldSong.RepoWatcher;
				PRODUCT_NAME = "$(TARGET_NAME)";
				SWIFT_EMIT_LOC_STRINGS = YES;
				SWIFT_VERSION = 5.0;
				TARGETED_DEVICE_FAMILY = "1,2";
			};
			name = Debug;
		};
		61116B872D002A870024F0D2 /* Release */ = {
			isa = XCBuildConfiguration;
			buildSettings = {
				ASSETCATALOG_COMPILER_APPICON_NAME = AppIcon;
				ASSETCATALOG_COMPILER_GLOBAL_ACCENT_COLOR_NAME = AccentColor;
				CODE_SIGN_ENTITLEMENTS = RepoWatcher/RepoWatcher.entitlements;
				CODE_SIGN_STYLE = Automatic;
				CURRENT_PROJECT_VERSION = 1;
				DEVELOPMENT_ASSET_PATHS = "\"RepoWatcher/Preview Content\"";
				DEVELOPMENT_TEAM = LA95MXQ3R5;
				ENABLE_PREVIEWS = YES;
				GENERATE_INFOPLIST_FILE = YES;
				INFOPLIST_FILE = RepoWatcher/Info.plist;
				INFOPLIST_KEY_UIApplicationSceneManifest_Generation = YES;
				INFOPLIST_KEY_UIApplicationSupportsIndirectInputEvents = YES;
				INFOPLIST_KEY_UILaunchScreen_Generation = YES;
				INFOPLIST_KEY_UISupportedInterfaceOrientations_iPad = "UIInterfaceOrientationPortrait UIInterfaceOrientationPortraitUpsideDown UIInterfaceOrientationLandscapeLeft UIInterfaceOrientationLandscapeRight";
				INFOPLIST_KEY_UISupportedInterfaceOrientations_iPhone = "UIInterfaceOrientationPortrait UIInterfaceOrientationLandscapeLeft UIInterfaceOrientationLandscapeRight";
				LD_RUNPATH_SEARCH_PATHS = (
					"$(inherited)",
					"@executable_path/Frameworks",
				);
				MARKETING_VERSION = 1.0;
				PRODUCT_BUNDLE_IDENTIFIER = HaroldSong.RepoWatcher;
				PRODUCT_NAME = "$(TARGET_NAME)";
				SWIFT_EMIT_LOC_STRINGS = YES;
				SWIFT_VERSION = 5.0;
				TARGETED_DEVICE_FAMILY = "1,2";
			};
			name = Release;
		};
		61116BA32D002AA90024F0D2 /* Debug */ = {
			isa = XCBuildConfiguration;
			buildSettings = {
				ASSETCATALOG_COMPILER_GLOBAL_ACCENT_COLOR_NAME = AccentColor;
				ASSETCATALOG_COMPILER_WIDGET_BACKGROUND_COLOR_NAME = WidgetBackground;
				CODE_SIGN_STYLE = Automatic;
				CURRENT_PROJECT_VERSION = 1;
				DEVELOPMENT_TEAM = LA95MXQ3R5;
				GENERATE_INFOPLIST_FILE = YES;
				INFOPLIST_FILE = RepoWatcherWidget/Info.plist;
				INFOPLIST_KEY_CFBundleDisplayName = RepoWatcherWidget;
				INFOPLIST_KEY_NSHumanReadableCopyright = "";
				LD_RUNPATH_SEARCH_PATHS = (
					"$(inherited)",
					"@executable_path/Frameworks",
					"@executable_path/../../Frameworks",
				);
				MARKETING_VERSION = 1.0;
				PRODUCT_BUNDLE_IDENTIFIER = HaroldSong.RepoWatcher.RepoWatcherWidget;
				PRODUCT_NAME = "$(TARGET_NAME)";
				SKIP_INSTALL = YES;
				SWIFT_EMIT_LOC_STRINGS = YES;
				SWIFT_VERSION = 5.0;
				TARGETED_DEVICE_FAMILY = "1,2";
			};
			name = Debug;
		};
		61116BA42D002AA90024F0D2 /* Release */ = {
			isa = XCBuildConfiguration;
			buildSettings = {
				ASSETCATALOG_COMPILER_GLOBAL_ACCENT_COLOR_NAME = AccentColor;
				ASSETCATALOG_COMPILER_WIDGET_BACKGROUND_COLOR_NAME = WidgetBackground;
				CODE_SIGN_STYLE = Automatic;
				CURRENT_PROJECT_VERSION = 1;
				DEVELOPMENT_TEAM = LA95MXQ3R5;
				GENERATE_INFOPLIST_FILE = YES;
				INFOPLIST_FILE = RepoWatcherWidget/Info.plist;
				INFOPLIST_KEY_CFBundleDisplayName = RepoWatcherWidget;
				INFOPLIST_KEY_NSHumanReadableCopyright = "";
				LD_RUNPATH_SEARCH_PATHS = (
					"$(inherited)",
					"@executable_path/Frameworks",
					"@executable_path/../../Frameworks",
				);
				MARKETING_VERSION = 1.0;
				PRODUCT_BUNDLE_IDENTIFIER = HaroldSong.RepoWatcher.RepoWatcherWidget;
				PRODUCT_NAME = "$(TARGET_NAME)";
				SKIP_INSTALL = YES;
				SWIFT_EMIT_LOC_STRINGS = YES;
				SWIFT_VERSION = 5.0;
				TARGETED_DEVICE_FAMILY = "1,2";
			};
			name = Release;
		};
		61116D7A2D028A6F0024F0D2 /* Debug */ = {
			isa = XCBuildConfiguration;
			buildSettings = {
				CODE_SIGN_ENTITLEMENTS = RepoWatcherIntents/RepoWatcherIntents.entitlements;
				CODE_SIGN_STYLE = Automatic;
				CURRENT_PROJECT_VERSION = 1;
				DEVELOPMENT_TEAM = LA95MXQ3R5;
				GENERATE_INFOPLIST_FILE = YES;
				INFOPLIST_FILE = RepoWatcherIntents/Info.plist;
				INFOPLIST_KEY_CFBundleDisplayName = RepoWatcherIntents;
				INFOPLIST_KEY_NSHumanReadableCopyright = "";
				LD_RUNPATH_SEARCH_PATHS = (
					"$(inherited)",
					"@executable_path/Frameworks",
					"@executable_path/../../Frameworks",
				);
				MARKETING_VERSION = 1.0;
				PRODUCT_BUNDLE_IDENTIFIER = HaroldSong.RepoWatcher.RepoWatcherIntents;
				PRODUCT_NAME = "$(TARGET_NAME)";
				SKIP_INSTALL = YES;
				SWIFT_EMIT_LOC_STRINGS = YES;
				SWIFT_VERSION = 5.0;
				TARGETED_DEVICE_FAMILY = "1,2";
			};
			name = Debug;
		};
		61116D7B2D028A6F0024F0D2 /* Release */ = {
			isa = XCBuildConfiguration;
			buildSettings = {
				CODE_SIGN_ENTITLEMENTS = RepoWatcherIntents/RepoWatcherIntents.entitlements;
				CODE_SIGN_STYLE = Automatic;
				CURRENT_PROJECT_VERSION = 1;
				DEVELOPMENT_TEAM = LA95MXQ3R5;
				GENERATE_INFOPLIST_FILE = YES;
				INFOPLIST_FILE = RepoWatcherIntents/Info.plist;
				INFOPLIST_KEY_CFBundleDisplayName = RepoWatcherIntents;
				INFOPLIST_KEY_NSHumanReadableCopyright = "";
				LD_RUNPATH_SEARCH_PATHS = (
					"$(inherited)",
					"@executable_path/Frameworks",
					"@executable_path/../../Frameworks",
				);
				MARKETING_VERSION = 1.0;
				PRODUCT_BUNDLE_IDENTIFIER = HaroldSong.RepoWatcher.RepoWatcherIntents;
				PRODUCT_NAME = "$(TARGET_NAME)";
				SKIP_INSTALL = YES;
				SWIFT_EMIT_LOC_STRINGS = YES;
				SWIFT_VERSION = 5.0;
				TARGETED_DEVICE_FAMILY = "1,2";
			};
			name = Release;
		};
/* End XCBuildConfiguration section */

/* Begin XCConfigurationList section */
		61116B722D002A850024F0D2 /* Build configuration list for PBXProject "RepoWatcher" */ = {
			isa = XCConfigurationList;
			buildConfigurations = (
				61116B832D002A870024F0D2 /* Debug */,
				61116B842D002A870024F0D2 /* Release */,
			);
			defaultConfigurationIsVisible = 0;
			defaultConfigurationName = Release;
		};
		61116B852D002A870024F0D2 /* Build configuration list for PBXNativeTarget "RepoWatcher" */ = {
			isa = XCConfigurationList;
			buildConfigurations = (
				61116B862D002A870024F0D2 /* Debug */,
				61116B872D002A870024F0D2 /* Release */,
			);
			defaultConfigurationIsVisible = 0;
			defaultConfigurationName = Release;
		};
		61116BA22D002AA90024F0D2 /* Build configuration list for PBXNativeTarget "RepoWatcherWidgetExtension" */ = {
			isa = XCConfigurationList;
			buildConfigurations = (
				61116BA32D002AA90024F0D2 /* Debug */,
				61116BA42D002AA90024F0D2 /* Release */,
			);
			defaultConfigurationIsVisible = 0;
			defaultConfigurationName = Release;
		};
		61116D792D028A6F0024F0D2 /* Build configuration list for PBXNativeTarget "RepoWatcherIntents" */ = {
			isa = XCConfigurationList;
			buildConfigurations = (
				61116D7A2D028A6F0024F0D2 /* Debug */,
				61116D7B2D028A6F0024F0D2 /* Release */,
			);
			defaultConfigurationIsVisible = 0;
			defaultConfigurationName = Release;
		};
/* End XCConfigurationList section */
	};
	rootObject = 61116B6F2D002A850024F0D2 /* Project object */;
}
